<Solution>
  <Folder Name="/src/">
    <File Path="src/Directory.Build.props" />
    <File Path="src/Directory.Packages.props" />
  </Folder>
  <Folder Name="/src/API/">
    <Project Path="src/API/Friday.API/Friday.API.csproj" />
  </Folder>
  <Folder Name="/src/BuildingBlocks/">
    <Project Path="src/BuildingBlocks/Friday.BuildingBlocks.Application/Friday.BuildingBlocks.Application.csproj" />
    <Project Path="src/BuildingBlocks/Friday.BuildingBlocks.Domain/Friday.BuildingBlocks.Domain.csproj" />
    <Project Path="src/BuildingBlocks/Friday.BuildingBlocks.Infrastructure/Friday.BuildingBlocks.Infrastructure.csproj" />
  </Folder>
  <Folder Name="/src/Modules/" />
  <Folder Name="/src/Modules/Admin/">
    <Project Path="src/Modules/Admin/Friday.Modules.Admin.Application/Friday.Modules.Admin.Application.csproj" />
    <Project Path="src/Modules/Admin/Friday.Modules.Admin.Domain/Friday.Modules.Admin.Domain.csproj" />
    <Project Path="src/Modules/Admin/Friday.Modules.Admin.Infrastructure/Friday.Modules.Admin.Infrastructure.csproj" />
  </Folder>
  <Folder Name="/src/Modules/Sample/">
    <Project Path="src/Modules/Sample/Friday.Modules.Sample.Application/Friday.Modules.Sample.Application.csproj" />
    <Project Path="src/Modules/Sample/Friday.Modules.Sample.Domain/Friday.Modules.Sample.Domain.csproj" />
    <Project Path="src/Modules/Sample/Friday.Modules.Sample.Infrastructure/Friday.Modules.Sample.Infrastructure.csproj" />
  </Folder>
  <Folder Name="/tests/">
    <Project Path="tests/Friday.API.IntegrationTests/Friday.API.IntegrationTests.csproj" />
    <Project Path="tests/Friday.Modules.Admin.UnitTests/Friday.Modules.Admin.UnitTests.csproj" />
    <Project Path="tests/Friday.Modules.Customer.UnitTests/Friday.Modules.Customer.UnitTests.csproj" />
  </Folder>
  <Folder Name="/src/Modules/Customer/">
    <Project Path="src/Modules/Customer/Friday.Modules.Customer.Application/Friday.Modules.Customer.Application.csproj" />
    <Project Path="src/Modules/Customer/Friday.Modules.Customer.Domain/Friday.Modules.Customer.Domain.csproj" />
    <Project Path="src/Modules/Customer/Friday.Modules.Customer.Infrastructure/Friday.Modules.Customer.Infrastructure.csproj" />
  </Folder>
  <Folder Name="/src/Modules/PaymentLedger/">
    <Project Path="src/Modules/PaymentLedger/Friday.Modules.PaymentLedger.Application/Friday.Modules.PaymentLedger.Application.csproj" />
    <Project Path="src/Modules/PaymentLedger/Friday.Modules.PaymentLedger.Domain/Friday.Modules.PaymentLedger.Domain.csproj" />
    <Project Path="src/Modules/PaymentLedger/Friday.Modules.PaymentLedger.Infrastructure/Friday.Modules.PaymentLedger.Infrastructure.csproj" />
  </Folder>
  <Folder Name="/tests/PaymentLedger/">
    <Project Path="tests/Friday.Modules.PaymentLedger.PostgreSqlTests/Friday.Modules.PaymentLedger.PostgreSqlTests.csproj" />
    <Project Path="tests/Friday.Modules.PaymentLedger.UnitTests/Friday.Modules.PaymentLedger.UnitTests.csproj" />
  </Folder>
</Solution>
